<?xml version="1.0" encoding="UTF-8"?>
<!DOCTYPE plist PUBLIC "-//Apple//DTD PLIST 1.0//EN" "http://www.apple.com/DTDs/PropertyList-1.0.dtd">
<plist version="1.0">
<dict>
	<key>archiveVersion</key>
	<string>1</string>
	<key>classes</key>
	<dict/>
	<key>objectVersion</key>
	<string>46</string>
	<key>objects</key>
	<dict>
		<key>15B8DD71904F6D2BC6AC3AD9</key>
		<dict>
			<key>fileRef</key>
			<string>AC24E5F6041689B9019136AD</string>
			<key>isa</key>
			<string>PBXBuildFile</string>
		</dict>
		<key>278636CE4A959A76A29B40FF</key>
		<dict>
			<key>buildActionMask</key>
			<string>2147483647</string>
			<key>files</key>
			<array/>
			<key>inputPaths</key>
			<array/>
			<key>isa</key>
			<string>PBXShellScriptBuildPhase</string>
			<key>name</key>
			<string>Check Pods Manifest.lock</string>
			<key>outputPaths</key>
			<array/>
			<key>runOnlyForDeploymentPostprocessing</key>
			<string>0</string>
			<key>shellPath</key>
			<string>/bin/sh</string>
			<key>shellScript</key>
			<string>diff "${PODS_ROOT}/../Podfile.lock" "${PODS_ROOT}/Manifest.lock" &gt; /dev/null
if [[ $? != 0 ]] ; then
    cat &lt;&lt; EOM
error: The sandbox is not in sync with the Podfile.lock. Run 'pod install' or update your CocoaPods installation.
EOM
    exit 1
fi
</string>
			<key>showEnvVarsInLog</key>
			<string>0</string>
		</dict>
		<key>29EDC5FBB953250CE8679D44</key>
		<dict>
			<key>includeInIndex</key>
			<string>1</string>
			<key>isa</key>
			<string>PBXFileReference</string>
			<key>lastKnownFileType</key>
			<string>text.xcconfig</string>
			<key>name</key>
			<string>Pods-CubeApp.release.xcconfig</string>
			<key>path</key>
			<string>Pods/Target Support Files/Pods-CubeApp/Pods-CubeApp.release.xcconfig</string>
			<key>sourceTree</key>
			<string>&lt;group&gt;</string>
		</dict>
		<key>3BFF3322CC7F4F93A259507D</key>
		<dict>
			<key>includeInIndex</key>
			<string>1</string>
			<key>isa</key>
			<string>PBXFileReference</string>
			<key>lastKnownFileType</key>
			<string>text.xcconfig</string>
			<key>name</key>
			<string>Pods-CubeApp Mac.debug.xcconfig</string>
			<key>path</key>
			<string>Pods/Target Support Files/Pods-CubeApp Mac/Pods-CubeApp Mac.debug.xcconfig</string>
			<key>sourceTree</key>
			<string>&lt;group&gt;</string>
		</dict>
		<key>40BF8F052EFDBAFC015B1561</key>
		<dict>
			<key>includeInIndex</key>
			<string>1</string>
			<key>isa</key>
			<string>PBXFileReference</string>
			<key>lastKnownFileType</key>
			<string>text.xcconfig</string>
			<key>name</key>
			<string>Pods-CubeApp Mac.release.xcconfig</string>
			<key>path</key>
			<string>Pods/Target Support Files/Pods-CubeApp Mac/Pods-CubeApp Mac.release.xcconfig</string>
			<key>sourceTree</key>
			<string>&lt;group&gt;</string>
		</dict>
		<key>4CCA8ACE9E5694CD5E9D9547</key>
		<dict>
			<key>fileRef</key>
			<string>8A4000FEBC32337123026B5A</string>
			<key>isa</key>
			<string>PBXBuildFile</string>
		</dict>
		<key>50FD92EBBB133253CAE45BBF</key>
		<dict>
			<key>buildActionMask</key>
			<string>2147483647</string>
			<key>files</key>
			<array/>
			<key>inputPaths</key>
			<array/>
			<key>isa</key>
			<string>PBXShellScriptBuildPhase</string>
			<key>name</key>
			<string>Copy Pods Resources</string>
			<key>outputPaths</key>
			<array/>
			<key>runOnlyForDeploymentPostprocessing</key>
			<string>0</string>
			<key>shellPath</key>
			<string>/bin/sh</string>
			<key>shellScript</key>
			<string>"${SRCROOT}/Pods/Target Support Files/Pods-CubeApp/Pods-CubeApp-resources.sh"
</string>
			<key>showEnvVarsInLog</key>
			<string>0</string>
		</dict>
		<key>5D0FDE30D21017B3DF158F09</key>
		<dict>
			<key>buildActionMask</key>
			<string>2147483647</string>
			<key>files</key>
			<array/>
			<key>inputPaths</key>
			<array/>
			<key>isa</key>
			<string>PBXShellScriptBuildPhase</string>
			<key>name</key>
			<string>Copy Pods Resources</string>
			<key>outputPaths</key>
			<array/>
			<key>runOnlyForDeploymentPostprocessing</key>
			<string>0</string>
			<key>shellPath</key>
			<string>/bin/sh</string>
			<key>shellScript</key>
			<string>"${SRCROOT}/Pods/Target Support Files/Pods-CubeApp Mac/Pods-CubeApp Mac-resources.sh"
</string>
			<key>showEnvVarsInLog</key>
			<string>0</string>
		</dict>
		<key>60ABE9B3E5B1E51567504371</key>
		<dict>
			<key>buildActionMask</key>
			<string>2147483647</string>
			<key>files</key>
			<array/>
			<key>inputPaths</key>
			<array/>
			<key>isa</key>
			<string>PBXShellScriptBuildPhase</string>
			<key>name</key>
			<string>Check Pods Manifest.lock</string>
			<key>outputPaths</key>
			<array/>
			<key>runOnlyForDeploymentPostprocessing</key>
			<string>0</string>
			<key>shellPath</key>
			<string>/bin/sh</string>
			<key>shellScript</key>
			<string>diff "${PODS_ROOT}/../Podfile.lock" "${PODS_ROOT}/Manifest.lock" &gt; /dev/null
if [[ $? != 0 ]] ; then
    cat &lt;&lt; EOM
error: The sandbox is not in sync with the Podfile.lock. Run 'pod install' or update your CocoaPods installation.
EOM
    exit 1
fi
</string>
			<key>showEnvVarsInLog</key>
			<string>0</string>
		</dict>
		<key>8A4000FEBC32337123026B5A</key>
		<dict>
			<key>explicitFileType</key>
			<string>archive.ar</string>
			<key>includeInIndex</key>
			<string>0</string>
			<key>isa</key>
			<string>PBXFileReference</string>
			<key>path</key>
			<string>libPods-CubeApp Mac.a</string>
			<key>sourceTree</key>
			<string>BUILT_PRODUCTS_DIR</string>
		</dict>
		<key>AC24E5F6041689B9019136AD</key>
		<dict>
			<key>explicitFileType</key>
			<string>archive.ar</string>
			<key>includeInIndex</key>
			<string>0</string>
			<key>isa</key>
			<string>PBXFileReference</string>
			<key>path</key>
			<string>libPods-CubeApp.a</string>
			<key>sourceTree</key>
			<string>BUILT_PRODUCTS_DIR</string>
		</dict>
		<key>BD3C8FBCB97C81570699D15E</key>
		<dict>
			<key>children</key>
			<array>
				<string>EAABB78E61BCBFF27D22B0A8</string>
				<string>29EDC5FBB953250CE8679D44</string>
				<string>3BFF3322CC7F4F93A259507D</string>
				<string>40BF8F052EFDBAFC015B1561</string>
			</array>
			<key>isa</key>
			<string>PBXGroup</string>
			<key>name</key>
			<string>Pods</string>
			<key>sourceTree</key>
			<string>&lt;group&gt;</string>
		</dict>
		<key>BD64C9D31AA8B4E600B06996</key>
		<dict>
			<key>children</key>
			<array>
				<string>BD64C9DE1AA8B4E600B06996</string>
				<string>BD64C9F81AA8B4E600B06996</string>
				<string>BDCB85611AA8B95C00A7E084</string>
				<string>BDCB85751AA8B95C00A7E084</string>
				<string>BD64C9DD1AA8B4E600B06996</string>
				<string>BD3C8FBCB97C81570699D15E</string>
				<string>EC511DFD2DABBFDA9D68F66B</string>
			</array>
			<key>isa</key>
			<string>PBXGroup</string>
			<key>sourceTree</key>
			<string>&lt;group&gt;</string>
		</dict>
		<key>BD64C9D41AA8B4E600B06996</key>
		<dict>
			<key>attributes</key>
			<dict>
				<key>LastUpgradeCheck</key>
				<string>0610</string>
				<key>ORGANIZATIONNAME</key>
				<string>Cube</string>
				<key>TargetAttributes</key>
				<dict>
					<key>BD64C9DB1AA8B4E600B06996</key>
					<dict>
						<key>CreatedOnToolsVersion</key>
						<string>6.1.1</string>
					</dict>
					<key>BD64C9F41AA8B4E600B06996</key>
					<dict>
						<key>CreatedOnToolsVersion</key>
						<string>6.1.1</string>
						<key>TestTargetID</key>
						<string>BD64C9DB1AA8B4E600B06996</string>
					</dict>
					<key>BDCB855F1AA8B95C00A7E084</key>
					<dict>
						<key>CreatedOnToolsVersion</key>
						<string>6.1.1</string>
					</dict>
					<key>BDCB85711AA8B95C00A7E084</key>
					<dict>
						<key>CreatedOnToolsVersion</key>
						<string>6.1.1</string>
						<key>TestTargetID</key>
						<string>BDCB855F1AA8B95C00A7E084</string>
					</dict>
				</dict>
			</dict>
			<key>buildConfigurationList</key>
			<string>BD64C9D71AA8B4E600B06996</string>
			<key>compatibilityVersion</key>
			<string>Xcode 3.2</string>
			<key>developmentRegion</key>
			<string>English</string>
			<key>hasScannedForEncodings</key>
			<string>0</string>
			<key>isa</key>
			<string>PBXProject</string>
			<key>knownRegions</key>
			<array>
				<string>en</string>
				<string>Base</string>
			</array>
			<key>mainGroup</key>
			<string>BD64C9D31AA8B4E600B06996</string>
			<key>productRefGroup</key>
			<string>BD64C9DD1AA8B4E600B06996</string>
			<key>projectDirPath</key>
			<string></string>
			<key>projectReferences</key>
			<array/>
			<key>projectRoot</key>
			<string></string>
			<key>targets</key>
			<array>
				<string>BD64C9DB1AA8B4E600B06996</string>
				<string>BD64C9F41AA8B4E600B06996</string>
				<string>BDCB855F1AA8B95C00A7E084</string>
				<string>BDCB85711AA8B95C00A7E084</string>
			</array>
		</dict>
		<key>BD64C9D71AA8B4E600B06996</key>
		<dict>
			<key>buildConfigurations</key>
			<array>
				<string>BD64C9FD1AA8B4E600B06996</string>
				<string>BD64C9FE1AA8B4E600B06996</string>
			</array>
			<key>defaultConfigurationIsVisible</key>
			<string>0</string>
			<key>defaultConfigurationName</key>
			<string>Release</string>
			<key>isa</key>
			<string>XCConfigurationList</string>
		</dict>
		<key>BD64C9D81AA8B4E600B06996</key>
		<dict>
			<key>buildActionMask</key>
			<string>2147483647</string>
			<key>files</key>
			<array>
				<string>BD64C9E81AA8B4E600B06996</string>
				<string>BD64C9E51AA8B4E600B06996</string>
				<string>BD64C9E21AA8B4E600B06996</string>
			</array>
			<key>isa</key>
			<string>PBXSourcesBuildPhase</string>
			<key>runOnlyForDeploymentPostprocessing</key>
			<string>0</string>
		</dict>
		<key>BD64C9D91AA8B4E600B06996</key>
		<dict>
			<key>buildActionMask</key>
			<string>2147483647</string>
			<key>files</key>
			<array>
				<string>15B8DD71904F6D2BC6AC3AD9</string>
			</array>
			<key>isa</key>
			<string>PBXFrameworksBuildPhase</string>
			<key>runOnlyForDeploymentPostprocessing</key>
			<string>0</string>
		</dict>
		<key>BD64C9DA1AA8B4E600B06996</key>
		<dict>
			<key>buildActionMask</key>
			<string>2147483647</string>
			<key>files</key>
			<array>
				<string>BD64C9EB1AA8B4E600B06996</string>
				<string>BD64C9F01AA8B4E600B06996</string>
				<string>BD64C9ED1AA8B4E600B06996</string>
			</array>
			<key>isa</key>
			<string>PBXResourcesBuildPhase</string>
			<key>runOnlyForDeploymentPostprocessing</key>
			<string>0</string>
		</dict>
		<key>BD64C9DB1AA8B4E600B06996</key>
		<dict>
			<key>buildConfigurationList</key>
			<string>BD64C9FF1AA8B4E600B06996</string>
			<key>buildPhases</key>
			<array>
				<string>60ABE9B3E5B1E51567504371</string>
				<string>BD64C9D81AA8B4E600B06996</string>
				<string>BD64C9D91AA8B4E600B06996</string>
				<string>BD64C9DA1AA8B4E600B06996</string>
				<string>50FD92EBBB133253CAE45BBF</string>
			</array>
			<key>buildRules</key>
			<array/>
			<key>dependencies</key>
			<array/>
			<key>isa</key>
			<string>PBXNativeTarget</string>
			<key>name</key>
			<string>CubeApp</string>
			<key>productName</key>
			<string>CubeApp</string>
			<key>productReference</key>
			<string>BD64C9DC1AA8B4E600B06996</string>
			<key>productType</key>
			<string>com.apple.product-type.application</string>
		</dict>
		<key>BD64C9DC1AA8B4E600B06996</key>
		<dict>
			<key>explicitFileType</key>
			<string>wrapper.application</string>
			<key>includeInIndex</key>
			<string>0</string>
			<key>isa</key>
			<string>PBXFileReference</string>
			<key>path</key>
			<string>CubeApp.app</string>
			<key>sourceTree</key>
			<string>BUILT_PRODUCTS_DIR</string>
		</dict>
		<key>BD64C9DD1AA8B4E600B06996</key>
		<dict>
			<key>children</key>
			<array>
				<string>BD64C9DC1AA8B4E600B06996</string>
				<string>BD64C9F51AA8B4E600B06996</string>
				<string>BDCB85601AA8B95C00A7E084</string>
				<string>BDCB85721AA8B95C00A7E084</string>
			</array>
			<key>isa</key>
			<string>PBXGroup</string>
			<key>name</key>
			<string>Products</string>
			<key>sourceTree</key>
			<string>&lt;group&gt;</string>
		</dict>
		<key>BD64C9DE1AA8B4E600B06996</key>
		<dict>
			<key>children</key>
			<array>
				<string>BD64C9E31AA8B4E600B06996</string>
				<string>BD64C9E41AA8B4E600B06996</string>
				<string>BD64C9E61AA8B4E600B06996</string>
				<string>BD64C9E71AA8B4E600B06996</string>
				<string>BD64C9E91AA8B4E600B06996</string>
				<string>BD64C9EC1AA8B4E600B06996</string>
				<string>BD64C9EE1AA8B4E600B06996</string>
				<string>BD64C9DF1AA8B4E600B06996</string>
			</array>
			<key>isa</key>
			<string>PBXGroup</string>
			<key>path</key>
			<string>CubeApp</string>
			<key>sourceTree</key>
			<string>&lt;group&gt;</string>
		</dict>
		<key>BD64C9DF1AA8B4E600B06996</key>
		<dict>
			<key>children</key>
			<array>
				<string>BD64C9E01AA8B4E600B06996</string>
				<string>BD64C9E11AA8B4E600B06996</string>
			</array>
			<key>isa</key>
			<string>PBXGroup</string>
			<key>name</key>
			<string>Supporting Files</string>
			<key>sourceTree</key>
			<string>&lt;group&gt;</string>
		</dict>
		<key>BD64C9E01AA8B4E600B06996</key>
		<dict>
			<key>isa</key>
			<string>PBXFileReference</string>
			<key>lastKnownFileType</key>
			<string>text.plist.xml</string>
			<key>path</key>
			<string>Info.plist</string>
			<key>sourceTree</key>
			<string>&lt;group&gt;</string>
		</dict>
		<key>BD64C9E11AA8B4E600B06996</key>
		<dict>
			<key>isa</key>
			<string>PBXFileReference</string>
			<key>lastKnownFileType</key>
			<string>sourcecode.c.objc</string>
			<key>path</key>
			<string>main.m</string>
			<key>sourceTree</key>
			<string>&lt;group&gt;</string>
		</dict>
		<key>BD64C9E21AA8B4E600B06996</key>
		<dict>
			<key>fileRef</key>
			<string>BD64C9E11AA8B4E600B06996</string>
			<key>isa</key>
			<string>PBXBuildFile</string>
		</dict>
		<key>BD64C9E31AA8B4E600B06996</key>
		<dict>
			<key>isa</key>
			<string>PBXFileReference</string>
			<key>lastKnownFileType</key>
			<string>sourcecode.c.h</string>
			<key>path</key>
			<string>AppDelegate.h</string>
			<key>sourceTree</key>
			<string>&lt;group&gt;</string>
		</dict>
		<key>BD64C9E41AA8B4E600B06996</key>
		<dict>
			<key>isa</key>
			<string>PBXFileReference</string>
			<key>lastKnownFileType</key>
			<string>sourcecode.c.objc</string>
			<key>path</key>
			<string>AppDelegate.m</string>
			<key>sourceTree</key>
			<string>&lt;group&gt;</string>
		</dict>
		<key>BD64C9E51AA8B4E600B06996</key>
		<dict>
			<key>fileRef</key>
			<string>BD64C9E41AA8B4E600B06996</string>
			<key>isa</key>
			<string>PBXBuildFile</string>
		</dict>
		<key>BD64C9E61AA8B4E600B06996</key>
		<dict>
			<key>isa</key>
			<string>PBXFileReference</string>
			<key>lastKnownFileType</key>
			<string>sourcecode.c.h</string>
			<key>path</key>
			<string>ViewController.h</string>
			<key>sourceTree</key>
			<string>&lt;group&gt;</string>
		</dict>
		<key>BD64C9E71AA8B4E600B06996</key>
		<dict>
			<key>isa</key>
			<string>PBXFileReference</string>
			<key>lastKnownFileType</key>
			<string>sourcecode.c.objc</string>
			<key>path</key>
			<string>ViewController.m</string>
			<key>sourceTree</key>
			<string>&lt;group&gt;</string>
		</dict>
		<key>BD64C9E81AA8B4E600B06996</key>
		<dict>
			<key>fileRef</key>
			<string>BD64C9E71AA8B4E600B06996</string>
			<key>isa</key>
			<string>PBXBuildFile</string>
		</dict>
		<key>BD64C9E91AA8B4E600B06996</key>
		<dict>
			<key>children</key>
			<array>
				<string>BD64C9EA1AA8B4E600B06996</string>
			</array>
			<key>isa</key>
			<string>PBXVariantGroup</string>
			<key>name</key>
			<string>Main.storyboard</string>
			<key>sourceTree</key>
			<string>&lt;group&gt;</string>
		</dict>
		<key>BD64C9EA1AA8B4E600B06996</key>
		<dict>
			<key>isa</key>
			<string>PBXFileReference</string>
			<key>lastKnownFileType</key>
			<string>file.storyboard</string>
			<key>name</key>
			<string>Base</string>
			<key>path</key>
			<string>Base.lproj/Main.storyboard</string>
			<key>sourceTree</key>
			<string>&lt;group&gt;</string>
		</dict>
		<key>BD64C9EB1AA8B4E600B06996</key>
		<dict>
			<key>fileRef</key>
			<string>BD64C9E91AA8B4E600B06996</string>
			<key>isa</key>
			<string>PBXBuildFile</string>
		</dict>
		<key>BD64C9EC1AA8B4E600B06996</key>
		<dict>
			<key>isa</key>
			<string>PBXFileReference</string>
			<key>lastKnownFileType</key>
			<string>folder.assetcatalog</string>
			<key>path</key>
			<string>Images.xcassets</string>
			<key>sourceTree</key>
			<string>&lt;group&gt;</string>
		</dict>
		<key>BD64C9ED1AA8B4E600B06996</key>
		<dict>
			<key>fileRef</key>
			<string>BD64C9EC1AA8B4E600B06996</string>
			<key>isa</key>
			<string>PBXBuildFile</string>
		</dict>
		<key>BD64C9EE1AA8B4E600B06996</key>
		<dict>
			<key>children</key>
			<array>
				<string>BD64C9EF1AA8B4E600B06996</string>
			</array>
			<key>isa</key>
			<string>PBXVariantGroup</string>
			<key>name</key>
			<string>LaunchScreen.xib</string>
			<key>sourceTree</key>
			<string>&lt;group&gt;</string>
		</dict>
		<key>BD64C9EF1AA8B4E600B06996</key>
		<dict>
			<key>isa</key>
			<string>PBXFileReference</string>
			<key>lastKnownFileType</key>
			<string>file.xib</string>
			<key>name</key>
			<string>Base</string>
			<key>path</key>
			<string>Base.lproj/LaunchScreen.xib</string>
			<key>sourceTree</key>
			<string>&lt;group&gt;</string>
		</dict>
		<key>BD64C9F01AA8B4E600B06996</key>
		<dict>
			<key>fileRef</key>
			<string>BD64C9EE1AA8B4E600B06996</string>
			<key>isa</key>
			<string>PBXBuildFile</string>
		</dict>
		<key>BD64C9F11AA8B4E600B06996</key>
		<dict>
			<key>buildActionMask</key>
			<string>2147483647</string>
			<key>files</key>
			<array>
				<string>BD64C9FC1AA8B4E600B06996</string>
			</array>
			<key>isa</key>
			<string>PBXSourcesBuildPhase</string>
			<key>runOnlyForDeploymentPostprocessing</key>
			<string>0</string>
		</dict>
		<key>BD64C9F21AA8B4E600B06996</key>
		<dict>
			<key>buildActionMask</key>
			<string>2147483647</string>
			<key>files</key>
			<array/>
			<key>isa</key>
			<string>PBXFrameworksBuildPhase</string>
			<key>runOnlyForDeploymentPostprocessing</key>
			<string>0</string>
		</dict>
		<key>BD64C9F31AA8B4E600B06996</key>
		<dict>
			<key>buildActionMask</key>
			<string>2147483647</string>
			<key>files</key>
			<array/>
			<key>isa</key>
			<string>PBXResourcesBuildPhase</string>
			<key>runOnlyForDeploymentPostprocessing</key>
			<string>0</string>
		</dict>
		<key>BD64C9F41AA8B4E600B06996</key>
		<dict>
			<key>buildConfigurationList</key>
			<string>BD64CA021AA8B4E600B06996</string>
			<key>buildPhases</key>
			<array>
				<string>BD64C9F11AA8B4E600B06996</string>
				<string>BD64C9F21AA8B4E600B06996</string>
				<string>BD64C9F31AA8B4E600B06996</string>
			</array>
			<key>buildRules</key>
			<array/>
			<key>dependencies</key>
			<array>
				<string>BD64C9F71AA8B4E600B06996</string>
			</array>
			<key>isa</key>
			<string>PBXNativeTarget</string>
			<key>name</key>
			<string>CubeAppTests</string>
			<key>productName</key>
			<string>CubeAppTests</string>
			<key>productReference</key>
			<string>BD64C9F51AA8B4E600B06996</string>
			<key>productType</key>
			<string>com.apple.product-type.bundle.unit-test</string>
		</dict>
		<key>BD64C9F51AA8B4E600B06996</key>
		<dict>
			<key>explicitFileType</key>
			<string>wrapper.cfbundle</string>
			<key>includeInIndex</key>
			<string>0</string>
			<key>isa</key>
			<string>PBXFileReference</string>
			<key>path</key>
			<string>CubeAppTests.xctest</string>
			<key>sourceTree</key>
			<string>BUILT_PRODUCTS_DIR</string>
		</dict>
		<key>BD64C9F61AA8B4E600B06996</key>
		<dict>
			<key>containerPortal</key>
			<string>BD64C9D41AA8B4E600B06996</string>
			<key>isa</key>
			<string>PBXContainerItemProxy</string>
			<key>proxyType</key>
			<string>1</string>
			<key>remoteGlobalIDString</key>
			<string>BD64C9DB1AA8B4E600B06996</string>
			<key>remoteInfo</key>
			<string>CubeApp</string>
		</dict>
		<key>BD64C9F71AA8B4E600B06996</key>
		<dict>
			<key>isa</key>
			<string>PBXTargetDependency</string>
			<key>target</key>
			<string>BD64C9DB1AA8B4E600B06996</string>
			<key>targetProxy</key>
			<string>BD64C9F61AA8B4E600B06996</string>
		</dict>
		<key>BD64C9F81AA8B4E600B06996</key>
		<dict>
			<key>children</key>
			<array>
				<string>BD64C9FB1AA8B4E600B06996</string>
				<string>BD64C9F91AA8B4E600B06996</string>
			</array>
			<key>isa</key>
			<string>PBXGroup</string>
			<key>path</key>
			<string>CubeAppTests</string>
			<key>sourceTree</key>
			<string>&lt;group&gt;</string>
		</dict>
		<key>BD64C9F91AA8B4E600B06996</key>
		<dict>
			<key>children</key>
			<array>
				<string>BD64C9FA1AA8B4E600B06996</string>
			</array>
			<key>isa</key>
			<string>PBXGroup</string>
			<key>name</key>
			<string>Supporting Files</string>
			<key>sourceTree</key>
			<string>&lt;group&gt;</string>
		</dict>
		<key>BD64C9FA1AA8B4E600B06996</key>
		<dict>
			<key>isa</key>
			<string>PBXFileReference</string>
			<key>lastKnownFileType</key>
			<string>text.plist.xml</string>
			<key>path</key>
			<string>Info.plist</string>
			<key>sourceTree</key>
			<string>&lt;group&gt;</string>
		</dict>
		<key>BD64C9FB1AA8B4E600B06996</key>
		<dict>
			<key>isa</key>
			<string>PBXFileReference</string>
			<key>lastKnownFileType</key>
			<string>sourcecode.c.objc</string>
			<key>path</key>
			<string>CubeAppTests.m</string>
			<key>sourceTree</key>
			<string>&lt;group&gt;</string>
		</dict>
		<key>BD64C9FC1AA8B4E600B06996</key>
		<dict>
			<key>fileRef</key>
			<string>BD64C9FB1AA8B4E600B06996</string>
			<key>isa</key>
			<string>PBXBuildFile</string>
		</dict>
		<key>BD64C9FD1AA8B4E600B06996</key>
		<dict>
			<key>buildSettings</key>
			<dict>
				<key>ALWAYS_SEARCH_USER_PATHS</key>
				<string>NO</string>
				<key>CLANG_CXX_LANGUAGE_STANDARD</key>
				<string>gnu++0x</string>
				<key>CLANG_CXX_LIBRARY</key>
				<string>libc++</string>
				<key>CLANG_ENABLE_MODULES</key>
				<string>YES</string>
				<key>CLANG_ENABLE_OBJC_ARC</key>
				<string>YES</string>
				<key>CLANG_WARN_BOOL_CONVERSION</key>
				<string>YES</string>
				<key>CLANG_WARN_CONSTANT_CONVERSION</key>
				<string>YES</string>
				<key>CLANG_WARN_DIRECT_OBJC_ISA_USAGE</key>
				<string>YES_ERROR</string>
				<key>CLANG_WARN_EMPTY_BODY</key>
				<string>YES</string>
				<key>CLANG_WARN_ENUM_CONVERSION</key>
				<string>YES</string>
				<key>CLANG_WARN_INT_CONVERSION</key>
				<string>YES</string>
				<key>CLANG_WARN_OBJC_ROOT_CLASS</key>
				<string>YES_ERROR</string>
				<key>CLANG_WARN_UNREACHABLE_CODE</key>
				<string>YES</string>
				<key>CLANG_WARN__DUPLICATE_METHOD_MATCH</key>
				<string>YES</string>
				<key>CODE_SIGN_IDENTITY[sdk=iphoneos*]</key>
				<string>iPhone Developer</string>
				<key>COPY_PHASE_STRIP</key>
				<string>NO</string>
				<key>ENABLE_STRICT_OBJC_MSGSEND</key>
				<string>YES</string>
				<key>GCC_C_LANGUAGE_STANDARD</key>
				<string>gnu99</string>
				<key>GCC_DYNAMIC_NO_PIC</key>
				<string>NO</string>
				<key>GCC_OPTIMIZATION_LEVEL</key>
				<string>0</string>
				<key>GCC_PREPROCESSOR_DEFINITIONS</key>
				<array>
					<string>DEBUG=1</string>
					<string>$(inherited)</string>
				</array>
				<key>GCC_SYMBOLS_PRIVATE_EXTERN</key>
				<string>NO</string>
				<key>GCC_WARN_64_TO_32_BIT_CONVERSION</key>
				<string>YES</string>
				<key>GCC_WARN_ABOUT_RETURN_TYPE</key>
				<string>YES_ERROR</string>
				<key>GCC_WARN_UNDECLARED_SELECTOR</key>
				<string>YES</string>
				<key>GCC_WARN_UNINITIALIZED_AUTOS</key>
				<string>YES_AGGRESSIVE</string>
				<key>GCC_WARN_UNUSED_FUNCTION</key>
				<string>YES</string>
				<key>GCC_WARN_UNUSED_VARIABLE</key>
				<string>YES</string>
				<key>IPHONEOS_DEPLOYMENT_TARGET</key>
				<string>8.1</string>
				<key>MTL_ENABLE_DEBUG_INFO</key>
				<string>YES</string>
				<key>ONLY_ACTIVE_ARCH</key>
				<string>YES</string>
				<key>SDKROOT</key>
				<string>iphoneos</string>
			</dict>
			<key>isa</key>
			<string>XCBuildConfiguration</string>
			<key>name</key>
			<string>Debug</string>
		</dict>
		<key>BD64C9FE1AA8B4E600B06996</key>
		<dict>
			<key>buildSettings</key>
			<dict>
				<key>ALWAYS_SEARCH_USER_PATHS</key>
				<string>NO</string>
				<key>CLANG_CXX_LANGUAGE_STANDARD</key>
				<string>gnu++0x</string>
				<key>CLANG_CXX_LIBRARY</key>
				<string>libc++</string>
				<key>CLANG_ENABLE_MODULES</key>
				<string>YES</string>
				<key>CLANG_ENABLE_OBJC_ARC</key>
				<string>YES</string>
				<key>CLANG_WARN_BOOL_CONVERSION</key>
				<string>YES</string>
				<key>CLANG_WARN_CONSTANT_CONVERSION</key>
				<string>YES</string>
				<key>CLANG_WARN_DIRECT_OBJC_ISA_USAGE</key>
				<string>YES_ERROR</string>
				<key>CLANG_WARN_EMPTY_BODY</key>
				<string>YES</string>
				<key>CLANG_WARN_ENUM_CONVERSION</key>
				<string>YES</string>
				<key>CLANG_WARN_INT_CONVERSION</key>
				<string>YES</string>
				<key>CLANG_WARN_OBJC_ROOT_CLASS</key>
				<string>YES_ERROR</string>
				<key>CLANG_WARN_UNREACHABLE_CODE</key>
				<string>YES</string>
				<key>CLANG_WARN__DUPLICATE_METHOD_MATCH</key>
				<string>YES</string>
				<key>CODE_SIGN_IDENTITY[sdk=iphoneos*]</key>
				<string>iPhone Developer</string>
				<key>COPY_PHASE_STRIP</key>
				<string>YES</string>
				<key>ENABLE_NS_ASSERTIONS</key>
				<string>NO</string>
				<key>ENABLE_STRICT_OBJC_MSGSEND</key>
				<string>YES</string>
				<key>GCC_C_LANGUAGE_STANDARD</key>
				<string>gnu99</string>
				<key>GCC_WARN_64_TO_32_BIT_CONVERSION</key>
				<string>YES</string>
				<key>GCC_WARN_ABOUT_RETURN_TYPE</key>
				<string>YES_ERROR</string>
				<key>GCC_WARN_UNDECLARED_SELECTOR</key>
				<string>YES</string>
				<key>GCC_WARN_UNINITIALIZED_AUTOS</key>
				<string>YES_AGGRESSIVE</string>
				<key>GCC_WARN_UNUSED_FUNCTION</key>
				<string>YES</string>
				<key>GCC_WARN_UNUSED_VARIABLE</key>
				<string>YES</string>
				<key>IPHONEOS_DEPLOYMENT_TARGET</key>
				<string>8.1</string>
				<key>MTL_ENABLE_DEBUG_INFO</key>
				<string>NO</string>
				<key>SDKROOT</key>
				<string>iphoneos</string>
				<key>VALIDATE_PRODUCT</key>
				<string>YES</string>
			</dict>
			<key>isa</key>
			<string>XCBuildConfiguration</string>
			<key>name</key>
			<string>Release</string>
		</dict>
		<key>BD64C9FF1AA8B4E600B06996</key>
		<dict>
			<key>buildConfigurations</key>
			<array>
				<string>BD64CA001AA8B4E600B06996</string>
				<string>BD64CA011AA8B4E600B06996</string>
			</array>
			<key>defaultConfigurationIsVisible</key>
			<string>0</string>
			<key>defaultConfigurationName</key>
			<string>Release</string>
			<key>isa</key>
			<string>XCConfigurationList</string>
		</dict>
		<key>BD64CA001AA8B4E600B06996</key>
		<dict>
			<key>baseConfigurationReference</key>
			<string>EAABB78E61BCBFF27D22B0A8</string>
			<key>buildSettings</key>
			<dict>
				<key>ASSETCATALOG_COMPILER_APPICON_NAME</key>
				<string>AppIcon</string>
				<key>INFOPLIST_FILE</key>
				<string>CubeApp/Info.plist</string>
				<key>LD_RUNPATH_SEARCH_PATHS</key>
				<string>$(inherited) @executable_path/Frameworks</string>
				<key>PRODUCT_NAME</key>
				<string>$(TARGET_NAME)</string>
			</dict>
			<key>isa</key>
			<string>XCBuildConfiguration</string>
			<key>name</key>
			<string>Debug</string>
		</dict>
		<key>BD64CA011AA8B4E600B06996</key>
		<dict>
			<key>baseConfigurationReference</key>
			<string>29EDC5FBB953250CE8679D44</string>
			<key>buildSettings</key>
			<dict>
				<key>ASSETCATALOG_COMPILER_APPICON_NAME</key>
				<string>AppIcon</string>
				<key>INFOPLIST_FILE</key>
				<string>CubeApp/Info.plist</string>
				<key>LD_RUNPATH_SEARCH_PATHS</key>
				<string>$(inherited) @executable_path/Frameworks</string>
				<key>PRODUCT_NAME</key>
				<string>$(TARGET_NAME)</string>
			</dict>
			<key>isa</key>
			<string>XCBuildConfiguration</string>
			<key>name</key>
			<string>Release</string>
		</dict>
		<key>BD64CA021AA8B4E600B06996</key>
		<dict>
			<key>buildConfigurations</key>
			<array>
				<string>BD64CA031AA8B4E600B06996</string>
				<string>BD64CA041AA8B4E600B06996</string>
			</array>
			<key>defaultConfigurationIsVisible</key>
			<string>0</string>
			<key>defaultConfigurationName</key>
			<string>Release</string>
			<key>isa</key>
			<string>XCConfigurationList</string>
		</dict>
		<key>BD64CA031AA8B4E600B06996</key>
		<dict>
			<key>buildSettings</key>
			<dict>
				<key>BUNDLE_LOADER</key>
				<string>$(TEST_HOST)</string>
				<key>FRAMEWORK_SEARCH_PATHS</key>
				<array>
					<string>$(SDKROOT)/Developer/Library/Frameworks</string>
					<string>$(inherited)</string>
				</array>
				<key>GCC_PREPROCESSOR_DEFINITIONS</key>
				<array>
					<string>DEBUG=1</string>
					<string>$(inherited)</string>
				</array>
				<key>INFOPLIST_FILE</key>
				<string>CubeAppTests/Info.plist</string>
				<key>LD_RUNPATH_SEARCH_PATHS</key>
				<string>$(inherited) @executable_path/Frameworks @loader_path/Frameworks</string>
				<key>PRODUCT_NAME</key>
				<string>$(TARGET_NAME)</string>
				<key>TEST_HOST</key>
				<string>$(BUILT_PRODUCTS_DIR)/CubeApp.app/CubeApp</string>
			</dict>
			<key>isa</key>
			<string>XCBuildConfiguration</string>
			<key>name</key>
			<string>Debug</string>
		</dict>
		<key>BD64CA041AA8B4E600B06996</key>
		<dict>
			<key>buildSettings</key>
			<dict>
				<key>BUNDLE_LOADER</key>
				<string>$(TEST_HOST)</string>
				<key>FRAMEWORK_SEARCH_PATHS</key>
				<array>
					<string>$(SDKROOT)/Developer/Library/Frameworks</string>
					<string>$(inherited)</string>
				</array>
				<key>INFOPLIST_FILE</key>
				<string>CubeAppTests/Info.plist</string>
				<key>LD_RUNPATH_SEARCH_PATHS</key>
				<string>$(inherited) @executable_path/Frameworks @loader_path/Frameworks</string>
				<key>PRODUCT_NAME</key>
				<string>$(TARGET_NAME)</string>
				<key>TEST_HOST</key>
				<string>$(BUILT_PRODUCTS_DIR)/CubeApp.app/CubeApp</string>
			</dict>
			<key>isa</key>
			<string>XCBuildConfiguration</string>
			<key>name</key>
			<string>Release</string>
		</dict>
		<key>BDCB855C1AA8B95C00A7E084</key>
		<dict>
			<key>buildActionMask</key>
			<string>2147483647</string>
			<key>files</key>
			<array>
				<string>BDCB85681AA8B95C00A7E084</string>
				<string>BDCB85661AA8B95C00A7E084</string>
			</array>
			<key>isa</key>
			<string>PBXSourcesBuildPhase</string>
			<key>runOnlyForDeploymentPostprocessing</key>
			<string>0</string>
		</dict>
		<key>BDCB855D1AA8B95C00A7E084</key>
		<dict>
			<key>buildActionMask</key>
			<string>2147483647</string>
			<key>files</key>
			<array>
				<string>4CCA8ACE9E5694CD5E9D9547</string>
			</array>
			<key>isa</key>
			<string>PBXFrameworksBuildPhase</string>
			<key>runOnlyForDeploymentPostprocessing</key>
			<string>0</string>
		</dict>
		<key>BDCB855E1AA8B95C00A7E084</key>
		<dict>
			<key>buildActionMask</key>
			<string>2147483647</string>
			<key>files</key>
			<array>
				<string>BDCB856A1AA8B95C00A7E084</string>
				<string>BDCB856D1AA8B95C00A7E084</string>
			</array>
			<key>isa</key>
			<string>PBXResourcesBuildPhase</string>
			<key>runOnlyForDeploymentPostprocessing</key>
			<string>0</string>
		</dict>
		<key>BDCB855F1AA8B95C00A7E084</key>
		<dict>
			<key>buildConfigurationList</key>
			<string>BDCB857E1AA8B95C00A7E084</string>
			<key>buildPhases</key>
			<array>
				<string>278636CE4A959A76A29B40FF</string>
				<string>BDCB855C1AA8B95C00A7E084</string>
				<string>BDCB855D1AA8B95C00A7E084</string>
				<string>BDCB855E1AA8B95C00A7E084</string>
				<string>5D0FDE30D21017B3DF158F09</string>
			</array>
			<key>buildRules</key>
			<array/>
			<key>dependencies</key>
			<array/>
			<key>isa</key>
			<string>PBXNativeTarget</string>
			<key>name</key>
			<string>CubeApp Mac</string>
			<key>productName</key>
			<string>CubeApp Mac</string>
			<key>productReference</key>
			<string>BDCB85601AA8B95C00A7E084</string>
			<key>productType</key>
			<string>com.apple.product-type.application</string>
		</dict>
		<key>BDCB85601AA8B95C00A7E084</key>
		<dict>
			<key>explicitFileType</key>
			<string>wrapper.application</string>
			<key>includeInIndex</key>
			<string>0</string>
			<key>isa</key>
			<string>PBXFileReference</string>
			<key>path</key>
			<string>CubeApp Mac.app</string>
			<key>sourceTree</key>
			<string>BUILT_PRODUCTS_DIR</string>
		</dict>
		<key>BDCB85611AA8B95C00A7E084</key>
		<dict>
			<key>children</key>
			<array>
				<string>BDCB85641AA8B95C00A7E084</string>
				<string>BDCB85651AA8B95C00A7E084</string>
				<string>BDCB85691AA8B95C00A7E084</string>
				<string>BDCB856B1AA8B95C00A7E084</string>
				<string>BDCB85621AA8B95C00A7E084</string>
			</array>
			<key>isa</key>
			<string>PBXGroup</string>
			<key>path</key>
			<string>CubeApp Mac</string>
			<key>sourceTree</key>
			<string>&lt;group&gt;</string>
		</dict>
		<key>BDCB85621AA8B95C00A7E084</key>
		<dict>
			<key>children</key>
			<array>
				<string>BDCB85631AA8B95C00A7E084</string>
				<string>BDCB85671AA8B95C00A7E084</string>
			</array>
			<key>isa</key>
			<string>PBXGroup</string>
			<key>name</key>
			<string>Supporting Files</string>
			<key>sourceTree</key>
			<string>&lt;group&gt;</string>
		</dict>
		<key>BDCB85631AA8B95C00A7E084</key>
		<dict>
			<key>isa</key>
			<string>PBXFileReference</string>
			<key>lastKnownFileType</key>
			<string>text.plist.xml</string>
			<key>path</key>
			<string>Info.plist</string>
			<key>sourceTree</key>
			<string>&lt;group&gt;</string>
		</dict>
		<key>BDCB85641AA8B95C00A7E084</key>
		<dict>
			<key>isa</key>
			<string>PBXFileReference</string>
			<key>lastKnownFileType</key>
			<string>sourcecode.c.h</string>
			<key>path</key>
			<string>AppDelegate.h</string>
			<key>sourceTree</key>
			<string>&lt;group&gt;</string>
		</dict>
		<key>BDCB85651AA8B95C00A7E084</key>
		<dict>
			<key>isa</key>
			<string>PBXFileReference</string>
			<key>lastKnownFileType</key>
			<string>sourcecode.c.objc</string>
			<key>path</key>
			<string>AppDelegate.m</string>
			<key>sourceTree</key>
			<string>&lt;group&gt;</string>
		</dict>
		<key>BDCB85661AA8B95C00A7E084</key>
		<dict>
			<key>fileRef</key>
			<string>BDCB85651AA8B95C00A7E084</string>
			<key>isa</key>
			<string>PBXBuildFile</string>
		</dict>
		<key>BDCB85671AA8B95C00A7E084</key>
		<dict>
			<key>isa</key>
			<string>PBXFileReference</string>
			<key>lastKnownFileType</key>
			<string>sourcecode.c.objc</string>
			<key>path</key>
			<string>main.m</string>
			<key>sourceTree</key>
			<string>&lt;group&gt;</string>
		</dict>
		<key>BDCB85681AA8B95C00A7E084</key>
		<dict>
			<key>fileRef</key>
			<string>BDCB85671AA8B95C00A7E084</string>
			<key>isa</key>
			<string>PBXBuildFile</string>
		</dict>
		<key>BDCB85691AA8B95C00A7E084</key>
		<dict>
			<key>isa</key>
			<string>PBXFileReference</string>
			<key>lastKnownFileType</key>
			<string>folder.assetcatalog</string>
			<key>path</key>
			<string>Images.xcassets</string>
			<key>sourceTree</key>
			<string>&lt;group&gt;</string>
		</dict>
		<key>BDCB856A1AA8B95C00A7E084</key>
		<dict>
			<key>fileRef</key>
			<string>BDCB85691AA8B95C00A7E084</string>
			<key>isa</key>
			<string>PBXBuildFile</string>
		</dict>
		<key>BDCB856B1AA8B95C00A7E084</key>
		<dict>
			<key>children</key>
			<array>
				<string>BDCB856C1AA8B95C00A7E084</string>
			</array>
			<key>isa</key>
			<string>PBXVariantGroup</string>
			<key>name</key>
			<string>MainMenu.xib</string>
			<key>sourceTree</key>
			<string>&lt;group&gt;</string>
		</dict>
		<key>BDCB856C1AA8B95C00A7E084</key>
		<dict>
			<key>isa</key>
			<string>PBXFileReference</string>
			<key>lastKnownFileType</key>
			<string>file.xib</string>
			<key>name</key>
			<string>Base</string>
			<key>path</key>
			<string>Base.lproj/MainMenu.xib</string>
			<key>sourceTree</key>
			<string>&lt;group&gt;</string>
		</dict>
		<key>BDCB856D1AA8B95C00A7E084</key>
		<dict>
			<key>fileRef</key>
			<string>BDCB856B1AA8B95C00A7E084</string>
			<key>isa</key>
			<string>PBXBuildFile</string>
		</dict>
		<key>BDCB856E1AA8B95C00A7E084</key>
		<dict>
			<key>buildActionMask</key>
			<string>2147483647</string>
			<key>files</key>
			<array>
				<string>BDCB85791AA8B95C00A7E084</string>
			</array>
			<key>isa</key>
			<string>PBXSourcesBuildPhase</string>
			<key>runOnlyForDeploymentPostprocessing</key>
			<string>0</string>
		</dict>
		<key>BDCB856F1AA8B95C00A7E084</key>
		<dict>
			<key>buildActionMask</key>
			<string>2147483647</string>
			<key>files</key>
			<array/>
			<key>isa</key>
			<string>PBXFrameworksBuildPhase</string>
			<key>runOnlyForDeploymentPostprocessing</key>
			<string>0</string>
		</dict>
		<key>BDCB85701AA8B95C00A7E084</key>
		<dict>
			<key>buildActionMask</key>
			<string>2147483647</string>
			<key>files</key>
			<array/>
			<key>isa</key>
			<string>PBXResourcesBuildPhase</string>
			<key>runOnlyForDeploymentPostprocessing</key>
			<string>0</string>
		</dict>
		<key>BDCB85711AA8B95C00A7E084</key>
		<dict>
			<key>buildConfigurationList</key>
			<string>BDCB857F1AA8B95C00A7E084</string>
			<key>buildPhases</key>
			<array>
				<string>BDCB856E1AA8B95C00A7E084</string>
				<string>BDCB856F1AA8B95C00A7E084</string>
				<string>BDCB85701AA8B95C00A7E084</string>
			</array>
			<key>buildRules</key>
			<array/>
			<key>dependencies</key>
			<array>
				<string>BDCB85741AA8B95C00A7E084</string>
			</array>
			<key>isa</key>
			<string>PBXNativeTarget</string>
			<key>name</key>
			<string>CubeApp MacTests</string>
			<key>productName</key>
			<string>CubeApp MacTests</string>
			<key>productReference</key>
			<string>BDCB85721AA8B95C00A7E084</string>
			<key>productType</key>
			<string>com.apple.product-type.bundle.unit-test</string>
		</dict>
		<key>BDCB85721AA8B95C00A7E084</key>
		<dict>
			<key>explicitFileType</key>
			<string>wrapper.cfbundle</string>
			<key>includeInIndex</key>
			<string>0</string>
			<key>isa</key>
			<string>PBXFileReference</string>
			<key>path</key>
			<string>CubeApp MacTests.xctest</string>
			<key>sourceTree</key>
			<string>BUILT_PRODUCTS_DIR</string>
		</dict>
		<key>BDCB85731AA8B95C00A7E084</key>
		<dict>
			<key>containerPortal</key>
			<string>BD64C9D41AA8B4E600B06996</string>
			<key>isa</key>
			<string>PBXContainerItemProxy</string>
			<key>proxyType</key>
			<string>1</string>
			<key>remoteGlobalIDString</key>
			<string>BDCB855F1AA8B95C00A7E084</string>
			<key>remoteInfo</key>
			<string>CubeApp Mac</string>
		</dict>
		<key>BDCB85741AA8B95C00A7E084</key>
		<dict>
			<key>isa</key>
			<string>PBXTargetDependency</string>
			<key>target</key>
			<string>BDCB855F1AA8B95C00A7E084</string>
			<key>targetProxy</key>
			<string>BDCB85731AA8B95C00A7E084</string>
		</dict>
		<key>BDCB85751AA8B95C00A7E084</key>
		<dict>
			<key>children</key>
			<array>
				<string>BDCB85781AA8B95C00A7E084</string>
				<string>BDCB85761AA8B95C00A7E084</string>
			</array>
			<key>isa</key>
			<string>PBXGroup</string>
			<key>path</key>
			<string>CubeApp MacTests</string>
			<key>sourceTree</key>
			<string>&lt;group&gt;</string>
		</dict>
		<key>BDCB85761AA8B95C00A7E084</key>
		<dict>
			<key>children</key>
			<array>
				<string>BDCB85771AA8B95C00A7E084</string>
			</array>
			<key>isa</key>
			<string>PBXGroup</string>
			<key>name</key>
			<string>Supporting Files</string>
			<key>sourceTree</key>
			<string>&lt;group&gt;</string>
		</dict>
		<key>BDCB85771AA8B95C00A7E084</key>
		<dict>
			<key>isa</key>
			<string>PBXFileReference</string>
			<key>lastKnownFileType</key>
			<string>text.plist.xml</string>
			<key>path</key>
			<string>Info.plist</string>
			<key>sourceTree</key>
			<string>&lt;group&gt;</string>
		</dict>
		<key>BDCB85781AA8B95C00A7E084</key>
		<dict>
			<key>isa</key>
			<string>PBXFileReference</string>
			<key>lastKnownFileType</key>
			<string>sourcecode.c.objc</string>
			<key>path</key>
			<string>CubeApp_MacTests.m</string>
			<key>sourceTree</key>
			<string>&lt;group&gt;</string>
		</dict>
		<key>BDCB85791AA8B95C00A7E084</key>
		<dict>
			<key>fileRef</key>
			<string>BDCB85781AA8B95C00A7E084</string>
			<key>isa</key>
			<string>PBXBuildFile</string>
		</dict>
		<key>BDCB857A1AA8B95C00A7E084</key>
		<dict>
			<key>baseConfigurationReference</key>
			<string>3BFF3322CC7F4F93A259507D</string>
			<key>buildSettings</key>
			<dict>
				<key>ASSETCATALOG_COMPILER_APPICON_NAME</key>
				<string>AppIcon</string>
				<key>CODE_SIGN_IDENTITY</key>
				<string>-</string>
				<key>COMBINE_HIDPI_IMAGES</key>
				<string>YES</string>
				<key>GCC_PREPROCESSOR_DEFINITIONS</key>
				<array>
					<string>DEBUG=1</string>
					<string>$(inherited)</string>
				</array>
				<key>INFOPLIST_FILE</key>
				<string>CubeApp Mac/Info.plist</string>
				<key>LD_RUNPATH_SEARCH_PATHS</key>
				<string>$(inherited) @executable_path/../Frameworks</string>
				<key>MACOSX_DEPLOYMENT_TARGET</key>
				<string>10.9</string>
				<key>PRODUCT_NAME</key>
				<string>$(TARGET_NAME)</string>
				<key>SDKROOT</key>
				<string>macosx</string>
			</dict>
			<key>isa</key>
			<string>XCBuildConfiguration</string>
			<key>name</key>
			<string>Debug</string>
		</dict>
		<key>BDCB857B1AA8B95C00A7E084</key>
		<dict>
			<key>baseConfigurationReference</key>
			<string>40BF8F052EFDBAFC015B1561</string>
			<key>buildSettings</key>
			<dict>
				<key>ASSETCATALOG_COMPILER_APPICON_NAME</key>
				<string>AppIcon</string>
				<key>CODE_SIGN_IDENTITY</key>
				<string>-</string>
				<key>COMBINE_HIDPI_IMAGES</key>
				<string>YES</string>
				<key>DEBUG_INFORMATION_FORMAT</key>
				<string>dwarf-with-dsym</string>
				<key>INFOPLIST_FILE</key>
				<string>CubeApp Mac/Info.plist</string>
				<key>LD_RUNPATH_SEARCH_PATHS</key>
				<string>$(inherited) @executable_path/../Frameworks</string>
				<key>MACOSX_DEPLOYMENT_TARGET</key>
				<string>10.9</string>
				<key>PRODUCT_NAME</key>
				<string>$(TARGET_NAME)</string>
				<key>SDKROOT</key>
				<string>macosx</string>
			</dict>
			<key>isa</key>
			<string>XCBuildConfiguration</string>
			<key>name</key>
			<string>Release</string>
		</dict>
		<key>BDCB857C1AA8B95C00A7E084</key>
		<dict>
			<key>buildSettings</key>
			<dict>
				<key>BUNDLE_LOADER</key>
				<string>$(TEST_HOST)</string>
				<key>COMBINE_HIDPI_IMAGES</key>
				<string>YES</string>
				<key>FRAMEWORK_SEARCH_PATHS</key>
				<array>
					<string>$(DEVELOPER_FRAMEWORKS_DIR)</string>
					<string>$(inherited)</string>
				</array>
				<key>GCC_PREPROCESSOR_DEFINITIONS</key>
				<array>
					<string>DEBUG=1</string>
					<string>$(inherited)</string>
				</array>
				<key>INFOPLIST_FILE</key>
				<string>CubeApp MacTests/Info.plist</string>
				<key>LD_RUNPATH_SEARCH_PATHS</key>
				<string>$(inherited) @executable_path/../Frameworks @loader_path/../Frameworks</string>
				<key>MACOSX_DEPLOYMENT_TARGET</key>
				<string>10.9</string>
				<key>PRODUCT_NAME</key>
				<string>$(TARGET_NAME)</string>
				<key>SDKROOT</key>
				<string>macosx</string>
				<key>TEST_HOST</key>
				<string>$(BUILT_PRODUCTS_DIR)/CubeApp Mac.app/Contents/MacOS/CubeApp Mac</string>
			</dict>
			<key>isa</key>
			<string>XCBuildConfiguration</string>
			<key>name</key>
			<string>Debug</string>
		</dict>
		<key>BDCB857D1AA8B95C00A7E084</key>
		<dict>
			<key>buildSettings</key>
			<dict>
				<key>BUNDLE_LOADER</key>
				<string>$(TEST_HOST)</string>
				<key>COMBINE_HIDPI_IMAGES</key>
				<string>YES</string>
				<key>DEBUG_INFORMATION_FORMAT</key>
				<string>dwarf-with-dsym</string>
				<key>FRAMEWORK_SEARCH_PATHS</key>
				<array>
					<string>$(DEVELOPER_FRAMEWORKS_DIR)</string>
					<string>$(inherited)</string>
				</array>
				<key>INFOPLIST_FILE</key>
				<string>CubeApp MacTests/Info.plist</string>
				<key>LD_RUNPATH_SEARCH_PATHS</key>
				<string>$(inherited) @executable_path/../Frameworks @loader_path/../Frameworks</string>
				<key>MACOSX_DEPLOYMENT_TARGET</key>
				<string>10.9</string>
				<key>PRODUCT_NAME</key>
				<string>$(TARGET_NAME)</string>
				<key>SDKROOT</key>
				<string>macosx</string>
				<key>TEST_HOST</key>
				<string>$(BUILT_PRODUCTS_DIR)/CubeApp Mac.app/Contents/MacOS/CubeApp Mac</string>
			</dict>
			<key>isa</key>
			<string>XCBuildConfiguration</string>
			<key>name</key>
			<string>Release</string>
		</dict>
		<key>BDCB857E1AA8B95C00A7E084</key>
		<dict>
			<key>buildConfigurations</key>
			<array>
				<string>BDCB857A1AA8B95C00A7E084</string>
				<string>BDCB857B1AA8B95C00A7E084</string>
			</array>
			<key>defaultConfigurationIsVisible</key>
			<string>0</string>
			<key>isa</key>
			<string>XCConfigurationList</string>
		</dict>
		<key>BDCB857F1AA8B95C00A7E084</key>
		<dict>
			<key>buildConfigurations</key>
			<array>
				<string>BDCB857C1AA8B95C00A7E084</string>
				<string>BDCB857D1AA8B95C00A7E084</string>
			</array>
			<key>defaultConfigurationIsVisible</key>
			<string>0</string>
			<key>isa</key>
			<string>XCConfigurationList</string>
		</dict>
		<key>EAABB78E61BCBFF27D22B0A8</key>
		<dict>
			<key>includeInIndex</key>
			<string>1</string>
			<key>isa</key>
			<string>PBXFileReference</string>
			<key>lastKnownFileType</key>
			<string>text.xcconfig</string>
			<key>name</key>
			<string>Pods-CubeApp.debug.xcconfig</string>
			<key>path</key>
			<string>Pods/Target Support Files/Pods-CubeApp/Pods-CubeApp.debug.xcconfig</string>
			<key>sourceTree</key>
			<string>&lt;group&gt;</string>
		</dict>
		<key>EC511DFD2DABBFDA9D68F66B</key>
		<dict>
			<key>children</key>
			<array>
				<string>AC24E5F6041689B9019136AD</string>
				<string>8A4000FEBC32337123026B5A</string>
			</array>
			<key>isa</key>
			<string>PBXGroup</string>
			<key>name</key>
			<string>Frameworks</string>
			<key>sourceTree</key>
			<string>&lt;group&gt;</string>
		</dict>
	</dict>
	<key>rootObject</key>
	<string>BD64C9D41AA8B4E600B06996</string>
</dict>
</plist>
